
Microsoft Visual Studio Solution File, Format Version 12.00
# Visual Studio Version 16
VisualStudioVersion = 16.0.32929.386
MinimumVisualStudioVersion = 10.0.40219.1
Project("{FAE04EC0-301F-11D3-BF4B-00C04F79EFBC}") = "CatalogWitcherApp", "CatalogWitcherApp.csproj", "{052FC1E5-3019-4A2D-8140-72D2FE689BBA}"
EndProject
Global
	GlobalSection(SolutionConfigurationPlatforms) = preSolution
		Debug|Any CPU = Debug|Any CPU
		Release|Any CPU = Release|Any CPU
	EndGlobalSection
	GlobalSection(ProjectConfigurationPlatforms) = postSolution
		{052FC1E5-3019-4A2D-8140-72D2FE689BBA}.Debug|Any CPU.ActiveCfg = Debug|Any CPU
		{052FC1E5-3019-4A2D-8140-72D2FE689BBA}.Debug|Any CPU.Build.0 = Debug|Any CPU
		{052FC1E5-3019-4A2D-8140-72D2FE689BBA}.Release|Any CPU.ActiveCfg = Release|Any CPU
		{052FC1E5-3019-4A2D-8140-72D2FE689BBA}.Release|Any CPU.Build.0 = Release|Any CPU
	EndGlobalSection
	GlobalSection(SolutionProperties) = preSolution
		HideSolutionNode = FALSE
	EndGlobalSection
	GlobalSection(ExtensibilityGlobals) = postSolution
		SolutionGuid = {49D4B903-0032-4ED8-BA15-3D1B5AD9E892}
	EndGlobalSection
EndGlobal
